
Microsoft Visual Studio Solution File, Format Version 12.00
# Visual Studio Version 17
VisualStudioVersion = 17.8.34322.80
MinimumVisualStudioVersion = 10.0.40219.1
Project("{FAE04EC0-301F-11D3-BF4B-00C04F79EFBC}") = "HTMLParser", "HTMLParser\HTMLParser.csproj", "{C438DA8D-31F5-444D-95BD-64FEBBDB625A}"
EndProject
Global
	GlobalSection(SolutionConfigurationPlatforms) = preSolution
		Debug|Any CPU = Debug|Any CPU
		Release|Any CPU = Release|Any CPU
	EndGlobalSection
	GlobalSection(ProjectConfigurationPlatforms) = postSolution
		{C438DA8D-31F5-444D-95BD-64FEBBDB625A}.Debug|Any CPU.ActiveCfg = Debug|Any CPU
		{C438DA8D-31F5-444D-95BD-64FEBBDB625A}.Debug|Any CPU.Build.0 = Debug|Any CPU
		{C438DA8D-31F5-444D-95BD-64FEBBDB625A}.Release|Any CPU.ActiveCfg = Release|Any CPU
		{C438DA8D-31F5-444D-95BD-64FEBBDB625A}.Release|Any CPU.Build.0 = Release|Any CPU
	EndGlobalSection
	GlobalSection(SolutionProperties) = preSolution
		HideSolutionNode = FALSE
	EndGlobalSection
	GlobalSection(ExtensibilityGlobals) = postSolution
		SolutionGuid = {3FF89EFF-1B75-4B04-8093-80D6CD1B212E}
	EndGlobalSection
EndGlobal
